
Microsoft Visual Studio Solution File, Format Version 12.00
# Visual Studio Version 16
VisualStudioVersion = 16.0.29324.140
MinimumVisualStudioVersion = 10.0.40219.1
Project("{FAE04EC0-301F-11D3-BF4B-00C04F79EFBC}") = "Tres.UtilityNumber", "Tres.UtilityNumber\Tres.UtilityNumber.csproj", "{BE191EBF-737E-4C17-B7FE-630051E24320}"
EndProject
Global
	GlobalSection(SolutionConfigurationPlatforms) = preSolution
		Debug|Any CPU = Debug|Any CPU
		Release|Any CPU = Release|Any CPU
	EndGlobalSection
	GlobalSection(ProjectConfigurationPlatforms) = postSolution
		{BE191EBF-737E-4C17-B7FE-630051E24320}.Debug|Any CPU.ActiveCfg = Debug|Any CPU
		{BE191EBF-737E-4C17-B7FE-630051E24320}.Release|Any CPU.ActiveCfg = Release|Any CPU
		{BE191EBF-737E-4C17-B7FE-630051E24320}.Release|Any CPU.Build.0 = Release|Any CPU
	EndGlobalSection
	GlobalSection(SolutionProperties) = preSolution
		HideSolutionNode = FALSE
	EndGlobalSection
	GlobalSection(ExtensibilityGlobals) = postSolution
		SolutionGuid = {4DB79F1E-E30E-47B5-A2A4-72030060E9D3}
	EndGlobalSection
EndGlobal
