
Microsoft Visual Studio Solution File, Format Version 12.00
# Visual Studio Version 16
VisualStudioVersion = 16.0.29324.140
MinimumVisualStudioVersion = 10.0.40219.1
Project("{9A19103F-16F7-4668-BE54-9A1E7A4F7556}") = "Tres.Data", "Tres.Data\Tres.Data.csproj", "{E9A08AEB-012E-41AC-BBFE-6EF0E68BF0D7}"
EndProject
Global
	GlobalSection(SolutionConfigurationPlatforms) = preSolution
		Debug|Any CPU = Debug|Any CPU
		Release|Any CPU = Release|Any CPU
	EndGlobalSection
	GlobalSection(ProjectConfigurationPlatforms) = postSolution
		{E9A08AEB-012E-41AC-BBFE-6EF0E68BF0D7}.Debug|Any CPU.ActiveCfg = Release|Any CPU
		{E9A08AEB-012E-41AC-BBFE-6EF0E68BF0D7}.Release|Any CPU.ActiveCfg = Release|Any CPU
		{E9A08AEB-012E-41AC-BBFE-6EF0E68BF0D7}.Release|Any CPU.Build.0 = Release|Any CPU
	EndGlobalSection
	GlobalSection(SolutionProperties) = preSolution
		HideSolutionNode = FALSE
	EndGlobalSection
	GlobalSection(ExtensibilityGlobals) = postSolution
		SolutionGuid = {8DE4B209-0DE8-46D7-B570-57905CC8A789}
	EndGlobalSection
EndGlobal
